
Microsoft Visual Studio Solution File, Format Version 12.00
# Visual Studio Version 17
VisualStudioVersion = 17.5.33627.172
MinimumVisualStudioVersion = 10.0.40219.1
Project("{FAE04EC0-301F-11D3-BF4B-00C04F79EFBC}") = "BrokFindTeacher", "BrokFindTeacher\BrokFindTeacher.csproj", "{458DBBF9-966C-43A9-8635-E03F358600A6}"
EndProject
Global
	GlobalSection(SolutionConfigurationPlatforms) = preSolution
		Debug|Any CPU = Debug|Any CPU
		Release|Any CPU = Release|Any CPU
	EndGlobalSection
	GlobalSection(ProjectConfigurationPlatforms) = postSolution
		{458DBBF9-966C-43A9-8635-E03F358600A6}.Debug|Any CPU.ActiveCfg = Debug|Any CPU
		{458DBBF9-966C-43A9-8635-E03F358600A6}.Debug|Any CPU.Build.0 = Debug|Any CPU
		{458DBBF9-966C-43A9-8635-E03F358600A6}.Release|Any CPU.ActiveCfg = Release|Any CPU
		{458DBBF9-966C-43A9-8635-E03F358600A6}.Release|Any CPU.Build.0 = Release|Any CPU
	EndGlobalSection
	GlobalSection(SolutionProperties) = preSolution
		HideSolutionNode = FALSE
	EndGlobalSection
	GlobalSection(ExtensibilityGlobals) = postSolution
		SolutionGuid = {41E5F413-6506-485D-8425-2B49D77C51A8}
	EndGlobalSection
EndGlobal
